
Microsoft Visual Studio Solution File, Format Version 12.00
# Visual Studio Version 17
VisualStudioVersion = 17.11.35219.272
MinimumVisualStudioVersion = 10.0.40219.1
Project("{FAE04EC0-301F-11D3-BF4B-00C04F79EFBC}") = "Uppgift3", "Uppgift3\Uppgift3.csproj", "{9B4A9574-1B38-4E78-B8D2-C1881199E4A6}"
EndProject
Global
	GlobalSection(SolutionConfigurationPlatforms) = preSolution
		Debug|Any CPU = Debug|Any CPU
		Release|Any CPU = Release|Any CPU
	EndGlobalSection
	GlobalSection(ProjectConfigurationPlatforms) = postSolution
		{9B4A9574-1B38-4E78-B8D2-C1881199E4A6}.Debug|Any CPU.ActiveCfg = Debug|Any CPU
		{9B4A9574-1B38-4E78-B8D2-C1881199E4A6}.Debug|Any CPU.Build.0 = Debug|Any CPU
		{9B4A9574-1B38-4E78-B8D2-C1881199E4A6}.Release|Any CPU.ActiveCfg = Release|Any CPU
		{9B4A9574-1B38-4E78-B8D2-C1881199E4A6}.Release|Any CPU.Build.0 = Release|Any CPU
	EndGlobalSection
	GlobalSection(SolutionProperties) = preSolution
		HideSolutionNode = FALSE
	EndGlobalSection
	GlobalSection(ExtensibilityGlobals) = postSolution
		SolutionGuid = {E98F871A-08A5-4B85-98BF-4A2DB226B44A}
	EndGlobalSection
EndGlobal
